
Microsoft Visual Studio Solution File, Format Version 12.00
# Visual Studio Version 17
VisualStudioVersion = 17.13.35931.197 d17.13
MinimumVisualStudioVersion = 10.0.40219.1
Project("{FAE04EC0-301F-11D3-BF4B-00C04F79EFBC}") = "ADV_Task_3", "ADV_Task_3\ADV_Task_3.csproj", "{E92CCD90-AA5F-424F-BC1E-80DD33CD344E}"
EndProject
Global
	GlobalSection(SolutionConfigurationPlatforms) = preSolution
		Debug|Any CPU = Debug|Any CPU
		Release|Any CPU = Release|Any CPU
	EndGlobalSection
	GlobalSection(ProjectConfigurationPlatforms) = postSolution
		{E92CCD90-AA5F-424F-BC1E-80DD33CD344E}.Debug|Any CPU.ActiveCfg = Debug|Any CPU
		{E92CCD90-AA5F-424F-BC1E-80DD33CD344E}.Debug|Any CPU.Build.0 = Debug|Any CPU
		{E92CCD90-AA5F-424F-BC1E-80DD33CD344E}.Release|Any CPU.ActiveCfg = Release|Any CPU
		{E92CCD90-AA5F-424F-BC1E-80DD33CD344E}.Release|Any CPU.Build.0 = Release|Any CPU
	EndGlobalSection
	GlobalSection(SolutionProperties) = preSolution
		HideSolutionNode = FALSE
	EndGlobalSection
	GlobalSection(ExtensibilityGlobals) = postSolution
		SolutionGuid = {2A7EC767-FCCD-4E13-99E4-F5A17E679104}
	EndGlobalSection
EndGlobal
