
Microsoft Visual Studio Solution File, Format Version 12.00
# Visual Studio Version 17
VisualStudioVersion = 17.13.35931.197 d17.13
MinimumVisualStudioVersion = 10.0.40219.1
Project("{FAE04EC0-301F-11D3-BF4B-00C04F79EFBC}") = "oop_task_1", "oop_task_1\oop_task_1.csproj", "{289B9725-3BF3-43D9-96E7-7500079535B5}"
EndProject
Global
	GlobalSection(SolutionConfigurationPlatforms) = preSolution
		Debug|Any CPU = Debug|Any CPU
		Release|Any CPU = Release|Any CPU
	EndGlobalSection
	GlobalSection(ProjectConfigurationPlatforms) = postSolution
		{289B9725-3BF3-43D9-96E7-7500079535B5}.Debug|Any CPU.ActiveCfg = Debug|Any CPU
		{289B9725-3BF3-43D9-96E7-7500079535B5}.Debug|Any CPU.Build.0 = Debug|Any CPU
		{289B9725-3BF3-43D9-96E7-7500079535B5}.Release|Any CPU.ActiveCfg = Release|Any CPU
		{289B9725-3BF3-43D9-96E7-7500079535B5}.Release|Any CPU.Build.0 = Release|Any CPU
	EndGlobalSection
	GlobalSection(SolutionProperties) = preSolution
		HideSolutionNode = FALSE
	EndGlobalSection
	GlobalSection(ExtensibilityGlobals) = postSolution
		SolutionGuid = {951CAC23-E50D-40DE-94A3-042BD3D6F27A}
	EndGlobalSection
EndGlobal
